lockfileVersion: 5.4

importers:

  .:
    specifiers:
      prettier: ^2.8.3
      turbo: ^1.7.3
    devDependencies:
      prettier: 2.8.3
      turbo: 1.7.3

packages:

  /prettier/2.8.3:
    resolution: {integrity: sha512-tJ/oJ4amDihPoufT5sM0Z1SKEuKay8LfVAMlbbhnnkvt6BUserZylqo2PN+p9KeljLr0OHa2rXHU1T8reeoTrw==}
    engines: {node: '>=10.13.0'}
    hasBin: true
    dev: true

  /turbo-darwin-64/1.7.3:
    resolution: {integrity: sha512-7j9+j1CVztmdevnClT3rG/GRhULf3ukwmv+l48l8uwsXNI53zLso+UYMql6RsjZDbD6sESwh0CHeKNwGmOylFA==}
    cpu: [x64]
    os: [darwin]
    requiresBuild: true
    dev: true
    optional: true

  /turbo-darwin-arm64/1.7.3:
    resolution: {integrity: sha512-puS9+pqpiy4MrIvWRBTg3qfO2+JPXR7reQcXQ7qUreuyAJnSw9H9/TIHjeK6FFxUfQbmruylPtH6dNpfcML9CA==}
    cpu: [arm64]
    os: [darwin]
    requiresBuild: true
    dev: true
    optional: true

  /turbo-linux-64/1.7.3:
    resolution: {integrity: sha512-BnbpgcK8Wag6fhnff7tMaecswmFHN/T56VIDnjcwcJnK9H3jdwpjwZlmcDtkoslzjPj3VuqHyqLDMvSb3ejXSg==}
    cpu: [x64]
    os: [linux]
    requiresBuild: true
    dev: true
    optional: true

  /turbo-linux-arm64/1.7.3:
    resolution: {integrity: sha512-+epY+0dfjmAJNZHfj7rID2hENRaeM3D0Ijqkhh/M53o46fQMwPNqI5ff9erh+f9r8sWuTpVnRlZeu7TE1P/Okw==}
    cpu: [arm64]
    os: [linux]
    requiresBuild: true
    dev: true
    optional: true

  /turbo-windows-64/1.7.3:
    resolution: {integrity: sha512-/2Z8WB4fASlq/diO6nhmHYuDCRPm3dkdUE6yhwQarXPOm936m4zj3xGQA2eSWMpvfst4xjVxxU7P7HOIOyWChA==}
    cpu: [x64]
    os: [win32]
    requiresBuild: true
    dev: true
    optional: true

  /turbo-windows-arm64/1.7.3:
    resolution: {integrity: sha512-UD9Uhop42xj1l1ba5LRdwqRq1Of+RgqQuv+QMd1xOAZ2FXn/91uhkfLv+H4Pkiw7XdUohOxpj/FcOvjCiiUxGw==}
    cpu: [arm64]
    os: [win32]
    requiresBuild: true
    dev: true
    optional: true

  /turbo/1.7.3:
    resolution: {integrity: sha512-mrqo72vPQO6ykmARThaNP/KXPDuBDSqDXfkUxD8hX1ET3YSFbOWJixlHU32tPtiFIhScIKbEGShEVWBrLeM0wg==}
    hasBin: true
    requiresBuild: true
    optionalDependencies:
      turbo-darwin-64: 1.7.3
      turbo-darwin-arm64: 1.7.3
      turbo-linux-64: 1.7.3
      turbo-linux-arm64: 1.7.3
      turbo-windows-64: 1.7.3
      turbo-windows-arm64: 1.7.3
    dev: true
